
Microsoft Visual Studio Solution File, Format Version 12.00
# Visual Studio 15
VisualStudioVersion = 15.0.27130.2024
MinimumVisualStudioVersion = 10.0.40219.1
Project("{FAE04EC0-301F-11D3-BF4B-00C04F79EFBC}") = "NewCarpark", "NewCarpark\NewCarpark.csproj", "{4CEAA944-D55A-4D58-99B1-3E2C2F20E3EC}"
EndProject
Global
	GlobalSection(SolutionConfigurationPlatforms) = preSolution
		Debug|Any CPU = Debug|Any CPU
		Release|Any CPU = Release|Any CPU
	EndGlobalSection
	GlobalSection(ProjectConfigurationPlatforms) = postSolution
		{4CEAA944-D55A-4D58-99B1-3E2C2F20E3EC}.Debug|Any CPU.ActiveCfg = Debug|Any CPU
		{4CEAA944-D55A-4D58-99B1-3E2C2F20E3EC}.Debug|Any CPU.Build.0 = Debug|Any CPU
		{4CEAA944-D55A-4D58-99B1-3E2C2F20E3EC}.Release|Any CPU.ActiveCfg = Release|Any CPU
		{4CEAA944-D55A-4D58-99B1-3E2C2F20E3EC}.Release|Any CPU.Build.0 = Release|Any CPU
	EndGlobalSection
	GlobalSection(SolutionProperties) = preSolution
		HideSolutionNode = FALSE
	EndGlobalSection
	GlobalSection(ExtensibilityGlobals) = postSolution
		SolutionGuid = {7039285F-08B6-4C6F-B63C-7FC34B516766}
	EndGlobalSection
EndGlobal
